// !$*UTF8*$!
{
	archiveVersion = 1;
	classes = {
	};
	objectVersion = 50;
	objects = {

/* Begin PBXBuildFile section */
		6720235C26208BE200FEF1C7 /* UI_159App.swift in Sources */ = {isa = PBXBuildFile; fileRef = 6720235B26208BE200FEF1C7 /* UI_159App.swift */; };
		6720235E26208BE200FEF1C7 /* ContentView.swift in Sources */ = {isa = PBXBuildFile; fileRef = 6720235D26208BE200FEF1C7 /* ContentView.swift */; };
		6720236026208BE300FEF1C7 /* Assets.xcassets in Resources */ = {isa = PBXBuildFile; fileRef = 6720235F26208BE300FEF1C7 /* Assets.xcassets */; };
		6720236326208BE300FEF1C7 /* Preview Assets.xcassets in Resources */ = {isa = PBXBuildFile; fileRef = 6720236226208BE300FEF1C7 /* Preview Assets.xcassets */; };
		6720236E26208BE400FEF1C7 /* UI_159Tests.swift in Sources */ = {isa = PBXBuildFile; fileRef = 6720236D26208BE400FEF1C7 /* UI_159Tests.swift */; };
		6720237926208BE400FEF1C7 /* UI_159UITests.swift in Sources */ = {isa = PBXBuildFile; fileRef = 6720237826208BE400FEF1C7 /* UI_159UITests.swift */; };
		6720238C26208C1A00FEF1C7 /* categorie.swift in Sources */ = {isa = PBXBuildFile; fileRef = 6720238B26208C1A00FEF1C7 /* categorie.swift */; };
		6720239426208C3D00FEF1C7 /* Popular.swift in Sources */ = {isa = PBXBuildFile; fileRef = 6720239326208C3D00FEF1C7 /* Popular.swift */; };
		6720239926208C5500FEF1C7 /* Home.swift in Sources */ = {isa = PBXBuildFile; fileRef = 6720239826208C5500FEF1C7 /* Home.swift */; };
		6720239E2620959800FEF1C7 /* PopularRowView.swift in Sources */ = {isa = PBXBuildFile; fileRef = 6720239D2620959800FEF1C7 /* PopularRowView.swift */; };
		672023A62620977C00FEF1C7 /* LandingPage.swift in Sources */ = {isa = PBXBuildFile; fileRef = 672023A52620977C00FEF1C7 /* LandingPage.swift */; };
		672023AE2620984300FEF1C7 /* CustomTabButton.swift in Sources */ = {isa = PBXBuildFile; fileRef = 672023AD2620984300FEF1C7 /* CustomTabButton.swift */; };
		674E07C4262335B200C31D6F /* AnimationView.swift in Sources */ = {isa = PBXBuildFile; fileRef = 674E07C3262335B200C31D6F /* AnimationView.swift */; };
		677BDDEF26219D3200EF900C /* CustomTabView.swift in Sources */ = {isa = PBXBuildFile; fileRef = 677BDDEE26219D3200EF900C /* CustomTabView.swift */; };
		677BDDFC2621DF7A00EF900C /* TextView.swift in Sources */ = {isa = PBXBuildFile; fileRef = 677BDDFB2621DF7A00EF900C /* TextView.swift */; };
/* End PBXBuildFile section */

/* Begin PBXContainerItemProxy section */
		6720236A26208BE400FEF1C7 /* PBXContainerItemProxy */ = {
			isa = PBXContainerItemProxy;
			containerPortal = 6720235026208BE200FEF1C7 /* Project object */;
			proxyType = 1;
			remoteGlobalIDString = 6720235726208BE200FEF1C7;
			remoteInfo = "UI-159";
		};
		6720237526208BE400FEF1C7 /* PBXContainerItemProxy */ = {
			isa = PBXContainerItemProxy;
			containerPortal = 6720235026208BE200FEF1C7 /* Project object */;
			proxyType = 1;
			remoteGlobalIDString = 6720235726208BE200FEF1C7;
			remoteInfo = "UI-159";
		};
/* End PBXContainerItemProxy section */

/* Begin PBXFileReference section */
		6720235826208BE200FEF1C7 /* UI-159.app */ = {isa = PBXFileReference; explicitFileType = wrapper.application; includeInIndex = 0; path = "UI-159.app"; sourceTree = BUILT_PRODUCTS_DIR; };
		6720235B26208BE200FEF1C7 /* UI_159App.swift */ = {isa = PBXFileReference; lastKnownFileType = sourcecode.swift; path = UI_159App.swift; sourceTree = "<group>"; };
		6720235D26208BE200FEF1C7 /* ContentView.swift */ = {isa = PBXFileReference; lastKnownFileType = sourcecode.swift; path = ContentView.swift; sourceTree = "<group>"; };
		6720235F26208BE300FEF1C7 /* Assets.xcassets */ = {isa = PBXFileReference; lastKnownFileType = folder.assetcatalog; path = Assets.xcassets; sourceTree = "<group>"; };
		6720236226208BE300FEF1C7 /* Preview Assets.xcassets */ = {isa = PBXFileReference; lastKnownFileType = folder.assetcatalog; path = "Preview Assets.xcassets"; sourceTree = "<group>"; };
		6720236426208BE300FEF1C7 /* Info.plist */ = {isa = PBXFileReference; lastKnownFileType = text.plist.xml; path = Info.plist; sourceTree = "<group>"; };
		6720236926208BE400FEF1C7 /* UI-159Tests.xctest */ = {isa = PBXFileReference; explicitFileType = wrapper.cfbundle; includeInIndex = 0; path = "UI-159Tests.xctest"; sourceTree = BUILT_PRODUCTS_DIR; };
		6720236D26208BE400FEF1C7 /* UI_159Tests.swift */ = {isa = PBXFileReference; lastKnownFileType = sourcecode.swift; path = UI_159Tests.swift; sourceTree = "<group>"; };
		6720236F26208BE400FEF1C7 /* Info.plist */ = {isa = PBXFileReference; lastKnownFileType = text.plist.xml; path = Info.plist; sourceTree = "<group>"; };
		6720237426208BE400FEF1C7 /* UI-159UITests.xctest */ = {isa = PBXFileReference; explicitFileType = wrapper.cfbundle; includeInIndex = 0; path = "UI-159UITests.xctest"; sourceTree = BUILT_PRODUCTS_DIR; };
		6720237826208BE400FEF1C7 /* UI_159UITests.swift */ = {isa = PBXFileReference; lastKnownFileType = sourcecode.swift; path = UI_159UITests.swift; sourceTree = "<group>"; };
		6720237A26208BE400FEF1C7 /* Info.plist */ = {isa = PBXFileReference; lastKnownFileType = text.plist.xml; path = Info.plist; sourceTree = "<group>"; };
		6720238B26208C1A00FEF1C7 /* categorie.swift */ = {isa = PBXFileReference; lastKnownFileType = sourcecode.swift; path = categorie.swift; sourceTree = "<group>"; };
		6720239326208C3D00FEF1C7 /* Popular.swift */ = {isa = PBXFileReference; lastKnownFileType = sourcecode.swift; path = Popular.swift; sourceTree = "<group>"; };
		6720239826208C5500FEF1C7 /* Home.swift */ = {isa = PBXFileReference; lastKnownFileType = sourcecode.swift; path = Home.swift; sourceTree = "<group>"; };
		6720239D2620959800FEF1C7 /* PopularRowView.swift */ = {isa = PBXFileReference; lastKnownFileType = sourcecode.swift; path = PopularRowView.swift; sourceTree = "<group>"; };
		672023A52620977C00FEF1C7 /* LandingPage.swift */ = {isa = PBXFileReference; lastKnownFileType = sourcecode.swift; path = LandingPage.swift; sourceTree = "<group>"; };
		672023AD2620984300FEF1C7 /* CustomTabButton.swift */ = {isa = PBXFileReference; lastKnownFileType = sourcecode.swift; path = CustomTabButton.swift; sourceTree = "<group>"; };
		674E07C3262335B200C31D6F /* AnimationView.swift */ = {isa = PBXFileReference; lastKnownFileType = sourcecode.swift; path = AnimationView.swift; sourceTree = "<group>"; };
		677BDDEE26219D3200EF900C /* CustomTabView.swift */ = {isa = PBXFileReference; lastKnownFileType = sourcecode.swift; path = CustomTabView.swift; sourceTree = "<group>"; };
		677BDDFB2621DF7A00EF900C /* TextView.swift */ = {isa = PBXFileReference; lastKnownFileType = sourcecode.swift; path = TextView.swift; sourceTree = "<group>"; };
/* End PBXFileReference section */

/* Begin PBXFrameworksBuildPhase section */
		6720235526208BE200FEF1C7 /* Frameworks */ = {
			isa = PBXFrameworksBuildPhase;
			buildActionMask = 2147483647;
			files = (
			);
			runOnlyForDeploymentPostprocessing = 0;
		};
		6720236626208BE400FEF1C7 /* Frameworks */ = {
			isa = PBXFrameworksBuildPhase;
			buildActionMask = 2147483647;
			files = (
			);
			runOnlyForDeploymentPostprocessing = 0;
		};
		6720237126208BE400FEF1C7 /* Frameworks */ = {
			isa = PBXFrameworksBuildPhase;
			buildActionMask = 2147483647;
			files = (
			);
			runOnlyForDeploymentPostprocessing = 0;
		};
/* End PBXFrameworksBuildPhase section */

/* Begin PBXGroup section */
		6720234F26208BE200FEF1C7 = {
			isa = PBXGroup;
			children = (
				6720235A26208BE200FEF1C7 /* UI-159 */,
				6720236C26208BE400FEF1C7 /* UI-159Tests */,
				6720237726208BE400FEF1C7 /* UI-159UITests */,
				6720235926208BE200FEF1C7 /* Products */,
			);
			sourceTree = "<group>";
		};
		6720235926208BE200FEF1C7 /* Products */ = {
			isa = PBXGroup;
			children = (
				6720235826208BE200FEF1C7 /* UI-159.app */,
				6720236926208BE400FEF1C7 /* UI-159Tests.xctest */,
				6720237426208BE400FEF1C7 /* UI-159UITests.xctest */,
			);
			name = Products;
			sourceTree = "<group>";
		};
		6720235A26208BE200FEF1C7 /* UI-159 */ = {
			isa = PBXGroup;
			children = (
				6720238A26208BF000FEF1C7 /* Model */,
				6720238926208BEA00FEF1C7 /* View */,
				6720235B26208BE200FEF1C7 /* UI_159App.swift */,
				6720235D26208BE200FEF1C7 /* ContentView.swift */,
				6720235F26208BE300FEF1C7 /* Assets.xcassets */,
				6720236426208BE300FEF1C7 /* Info.plist */,
				6720236126208BE300FEF1C7 /* Preview Content */,
			);
			path = "UI-159";
			sourceTree = "<group>";
		};
		6720236126208BE300FEF1C7 /* Preview Content */ = {
			isa = PBXGroup;
			children = (
				6720236226208BE300FEF1C7 /* Preview Assets.xcassets */,
			);
			path = "Preview Content";
			sourceTree = "<group>";
		};
		6720236C26208BE400FEF1C7 /* UI-159Tests */ = {
			isa = PBXGroup;
			children = (
				6720236D26208BE400FEF1C7 /* UI_159Tests.swift */,
				6720236F26208BE400FEF1C7 /* Info.plist */,
			);
			path = "UI-159Tests";
			sourceTree = "<group>";
		};
		6720237726208BE400FEF1C7 /* UI-159UITests */ = {
			isa = PBXGroup;
			children = (
				6720237826208BE400FEF1C7 /* UI_159UITests.swift */,
				6720237A26208BE400FEF1C7 /* Info.plist */,
			);
			path = "UI-159UITests";
			sourceTree = "<group>";
		};
		6720238926208BEA00FEF1C7 /* View */ = {
			isa = PBXGroup;
			children = (
				6720239826208C5500FEF1C7 /* Home.swift */,
				6720239D2620959800FEF1C7 /* PopularRowView.swift */,
				672023A52620977C00FEF1C7 /* LandingPage.swift */,
				672023AD2620984300FEF1C7 /* CustomTabButton.swift */,
				677BDDEE26219D3200EF900C /* CustomTabView.swift */,
				677BDDFB2621DF7A00EF900C /* TextView.swift */,
				674E07C3262335B200C31D6F /* AnimationView.swift */,
			);
			path = View;
			sourceTree = "<group>";
		};
		6720238A26208BF000FEF1C7 /* Model */ = {
			isa = PBXGroup;
			children = (
				6720238B26208C1A00FEF1C7 /* categorie.swift */,
				6720239326208C3D00FEF1C7 /* Popular.swift */,
			);
			name = Model;
			path = "New Group1";
			sourceTree = "<group>";
		};
/* End PBXGroup section */

/* Begin PBXNativeTarget section */
		6720235726208BE200FEF1C7 /* UI-159 */ = {
			isa = PBXNativeTarget;
			buildConfigurationList = 6720237D26208BE400FEF1C7 /* Build configuration list for PBXNativeTarget "UI-159" */;
			buildPhases = (
				6720235426208BE200FEF1C7 /* Sources */,
				6720235526208BE200FEF1C7 /* Frameworks */,
				6720235626208BE200FEF1C7 /* Resources */,
			);
			buildRules = (
			);
			dependencies = (
			);
			name = "UI-159";
			productName = "UI-159";
			productReference = 6720235826208BE200FEF1C7 /* UI-159.app */;
			productType = "com.apple.product-type.application";
		};
		6720236826208BE400FEF1C7 /* UI-159Tests */ = {
			isa = PBXNativeTarget;
			buildConfigurationList = 6720238026208BE400FEF1C7 /* Build configuration list for PBXNativeTarget "UI-159Tests" */;
			buildPhases = (
				6720236526208BE400FEF1C7 /* Sources */,
				6720236626208BE400FEF1C7 /* Frameworks */,
				6720236726208BE400FEF1C7 /* Resources */,
			);
			buildRules = (
			);
			dependencies = (
				6720236B26208BE400FEF1C7 /* PBXTargetDependency */,
			);
			name = "UI-159Tests";
			productName = "UI-159Tests";
			productReference = 6720236926208BE400FEF1C7 /* UI-159Tests.xctest */;
			productType = "com.apple.product-type.bundle.unit-test";
		};
		6720237326208BE400FEF1C7 /* UI-159UITests */ = {
			isa = PBXNativeTarget;
			buildConfigurationList = 6720238326208BE400FEF1C7 /* Build configuration list for PBXNativeTarget "UI-159UITests" */;
			buildPhases = (
				6720237026208BE400FEF1C7 /* Sources */,
				6720237126208BE400FEF1C7 /* Frameworks */,
				6720237226208BE400FEF1C7 /* Resources */,
			);
			buildRules = (
			);
			dependencies = (
				6720237626208BE400FEF1C7 /* PBXTargetDependency */,
			);
			name = "UI-159UITests";
			productName = "UI-159UITests";
			productReference = 6720237426208BE400FEF1C7 /* UI-159UITests.xctest */;
			productType = "com.apple.product-type.bundle.ui-testing";
		};
/* End PBXNativeTarget section */

/* Begin PBXProject section */
		6720235026208BE200FEF1C7 /* Project object */ = {
			isa = PBXProject;
			attributes = {
				LastSwiftUpdateCheck = 1240;
				LastUpgradeCheck = 1240;
				TargetAttributes = {
					6720235726208BE200FEF1C7 = {
						CreatedOnToolsVersion = 12.4;
					};
					6720236826208BE400FEF1C7 = {
						CreatedOnToolsVersion = 12.4;
						TestTargetID = 6720235726208BE200FEF1C7;
					};
					6720237326208BE400FEF1C7 = {
						CreatedOnToolsVersion = 12.4;
						TestTargetID = 6720235726208BE200FEF1C7;
					};
				};
			};
			buildConfigurationList = 6720235326208BE200FEF1C7 /* Build configuration list for PBXProject "UI-159" */;
			compatibilityVersion = "Xcode 9.3";
			developmentRegion = en;
			hasScannedForEncodings = 0;
			knownRegions = (
				en,
				Base,
			);
			mainGroup = 6720234F26208BE200FEF1C7;
			productRefGroup = 6720235926208BE200FEF1C7 /* Products */;
			projectDirPath = "";
			projectRoot = "";
			targets = (
				6720235726208BE200FEF1C7 /* UI-159 */,
				6720236826208BE400FEF1C7 /* UI-159Tests */,
				6720237326208BE400FEF1C7 /* UI-159UITests */,
			);
		};
/* End PBXProject section */

/* Begin PBXResourcesBuildPhase section */
		6720235626208BE200FEF1C7 /* Resources */ = {
			isa = PBXResourcesBuildPhase;
			buildActionMask = 2147483647;
			files = (
				6720236326208BE300FEF1C7 /* Preview Assets.xcassets in Resources */,
				6720236026208BE300FEF1C7 /* Assets.xcassets in Resources */,
			);
			runOnlyForDeploymentPostprocessing = 0;
		};
		6720236726208BE400FEF1C7 /* Resources */ = {
			isa = PBXResourcesBuildPhase;
			buildActionMask = 2147483647;
			files = (
			);
			runOnlyForDeploymentPostprocessing = 0;
		};
		6720237226208BE400FEF1C7 /* Resources */ = {
			isa = PBXResourcesBuildPhase;
			buildActionMask = 2147483647;
			files = (
			);
			runOnlyForDeploymentPostprocessing = 0;
		};
/* End PBXResourcesBuildPhase section */

/* Begin PBXSourcesBuildPhase section */
		6720235426208BE200FEF1C7 /* Sources */ = {
			isa = PBXSourcesBuildPhase;
			buildActionMask = 2147483647;
			files = (
				672023A62620977C00FEF1C7 /* LandingPage.swift in Sources */,
				6720235E26208BE200FEF1C7 /* ContentView.swift in Sources */,
				6720239E2620959800FEF1C7 /* PopularRowView.swift in Sources */,
				6720238C26208C1A00FEF1C7 /* categorie.swift in Sources */,
				6720239926208C5500FEF1C7 /* Home.swift in Sources */,
				6720235C26208BE200FEF1C7 /* UI_159App.swift in Sources */,
				677BDDEF26219D3200EF900C /* CustomTabView.swift in Sources */,
				672023AE2620984300FEF1C7 /* CustomTabButton.swift in Sources */,
				674E07C4262335B200C31D6F /* AnimationView.swift in Sources */,
				6720239426208C3D00FEF1C7 /* Popular.swift in Sources */,
				677BDDFC2621DF7A00EF900C /* TextView.swift in Sources */,
			);
			runOnlyForDeploymentPostprocessing = 0;
		};
		6720236526208BE400FEF1C7 /* Sources */ = {
			isa = PBXSourcesBuildPhase;
			buildActionMask = 2147483647;
			files = (
				6720236E26208BE400FEF1C7 /* UI_159Tests.swift in Sources */,
			);
			runOnlyForDeploymentPostprocessing = 0;
		};
		6720237026208BE400FEF1C7 /* Sources */ = {
			isa = PBXSourcesBuildPhase;
			buildActionMask = 2147483647;
			files = (
				6720237926208BE400FEF1C7 /* UI_159UITests.swift in Sources */,
			);
			runOnlyForDeploymentPostprocessing = 0;
		};
/* End PBXSourcesBuildPhase section */

/* Begin PBXTargetDependency section */
		6720236B26208BE400FEF1C7 /* PBXTargetDependency */ = {
			isa = PBXTargetDependency;
			target = 6720235726208BE200FEF1C7 /* UI-159 */;
			targetProxy = 6720236A26208BE400FEF1C7 /* PBXContainerItemProxy */;
		};
		6720237626208BE400FEF1C7 /* PBXTargetDependency */ = {
			isa = PBXTargetDependency;
			target = 6720235726208BE200FEF1C7 /* UI-159 */;
			targetProxy = 6720237526208BE400FEF1C7 /* PBXContainerItemProxy */;
		};
/* End PBXTargetDependency section */

/* Begin XCBuildConfiguration section */
		6720237B26208BE400FEF1C7 /* Debug */ = {
			isa = XCBuildConfiguration;
			buildSettings = {
				ALWAYS_SEARCH_USER_PATHS = NO;
				CLANG_ANALYZER_NONNULL = YES;
				CLANG_ANALYZER_NUMBER_OBJECT_CONVERSION = YES_AGGRESSIVE;
				CLANG_CXX_LANGUAGE_STANDARD = "gnu++14";
				CLANG_CXX_LIBRARY = "libc++";
				CLANG_ENABLE_MODULES = YES;
				CLANG_ENABLE_OBJC_ARC = YES;
				CLANG_ENABLE_OBJC_WEAK = YES;
				CLANG_WARN_BLOCK_CAPTURE_AUTORELEASING = YES;
				CLANG_WARN_BOOL_CONVERSION = YES;
				CLANG_WARN_COMMA = YES;
				CLANG_WARN_CONSTANT_CONVERSION = YES;
				CLANG_WARN_DEPRECATED_OBJC_IMPLEMENTATIONS = YES;
				CLANG_WARN_DIRECT_OBJC_ISA_USAGE = YES_ERROR;
				CLANG_WARN_DOCUMENTATION_COMMENTS = YES;
				CLANG_WARN_EMPTY_BODY = YES;
				CLANG_WARN_ENUM_CONVERSION = YES;
				CLANG_WARN_INFINITE_RECURSION = YES;
				CLANG_WARN_INT_CONVERSION = YES;
				CLANG_WARN_NON_LITERAL_NULL_CONVERSION = YES;
				CLANG_WARN_OBJC_IMPLICIT_RETAIN_SELF = YES;
				CLANG_WARN_OBJC_LITERAL_CONVERSION = YES;
				CLANG_WARN_OBJC_ROOT_CLASS = YES_ERROR;
				CLANG_WARN_QUOTED_INCLUDE_IN_FRAMEWORK_HEADER = YES;
				CLANG_WARN_RANGE_LOOP_ANALYSIS = YES;
				CLANG_WARN_STRICT_PROTOTYPES = YES;
				CLANG_WARN_SUSPICIOUS_MOVE = YES;
				CLANG_WARN_UNGUARDED_AVAILABILITY = YES_AGGRESSIVE;
				CLANG_WARN_UNREACHABLE_CODE = YES;
				CLANG_WARN__DUPLICATE_METHOD_MATCH = YES;
				COPY_PHASE_STRIP = NO;
				DEBUG_INFORMATION_FORMAT = dwarf;
				ENABLE_STRICT_OBJC_MSGSEND = YES;
				ENABLE_TESTABILITY = YES;
				GCC_C_LANGUAGE_STANDARD = gnu11;
				GCC_DYNAMIC_NO_PIC = NO;
				GCC_NO_COMMON_BLOCKS = YES;
				GCC_OPTIMIZATION_LEVEL = 0;
				GCC_PREPROCESSOR_DEFINITIONS = (
					"DEBUG=1",
					"$(inherited)",
				);
				GCC_WARN_64_TO_32_BIT_CONVERSION = YES;
				GCC_WARN_ABOUT_RETURN_TYPE = YES_ERROR;
				GCC_WARN_UNDECLARED_SELECTOR = YES;
				GCC_WARN_UNINITIALIZED_AUTOS = YES_AGGRESSIVE;
				GCC_WARN_UNUSED_FUNCTION = YES;
				GCC_WARN_UNUSED_VARIABLE = YES;
				IPHONEOS_DEPLOYMENT_TARGET = 14.4;
				MTL_ENABLE_DEBUG_INFO = INCLUDE_SOURCE;
				MTL_FAST_MATH = YES;
				ONLY_ACTIVE_ARCH = YES;
				SDKROOT = iphoneos;
				SWIFT_ACTIVE_COMPILATION_CONDITIONS = DEBUG;
				SWIFT_OPTIMIZATION_LEVEL = "-Onone";
			};
			name = Debug;
		};
		6720237C26208BE400FEF1C7 /* Release */ = {
			isa = XCBuildConfiguration;
			buildSettings = {
				ALWAYS_SEARCH_USER_PATHS = NO;
				CLANG_ANALYZER_NONNULL = YES;
				CLANG_ANALYZER_NUMBER_OBJECT_CONVERSION = YES_AGGRESSIVE;
				CLANG_CXX_LANGUAGE_STANDARD = "gnu++14";
				CLANG_CXX_LIBRARY = "libc++";
				CLANG_ENABLE_MODULES = YES;
				CLANG_ENABLE_OBJC_ARC = YES;
				CLANG_ENABLE_OBJC_WEAK = YES;
				CLANG_WARN_BLOCK_CAPTURE_AUTORELEASING = YES;
				CLANG_WARN_BOOL_CONVERSION = YES;
				CLANG_WARN_COMMA = YES;
				CLANG_WARN_CONSTANT_CONVERSION = YES;
				CLANG_WARN_DEPRECATED_OBJC_IMPLEMENTATIONS = YES;
				CLANG_WARN_DIRECT_OBJC_ISA_USAGE = YES_ERROR;
				CLANG_WARN_DOCUMENTATION_COMMENTS = YES;
				CLANG_WARN_EMPTY_BODY = YES;
				CLANG_WARN_ENUM_CONVERSION = YES;
				CLANG_WARN_INFINITE_RECURSION = YES;
				CLANG_WARN_INT_CONVERSION = YES;
				CLANG_WARN_NON_LITERAL_NULL_CONVERSION = YES;
				CLANG_WARN_OBJC_IMPLICIT_RETAIN_SELF = YES;
				CLANG_WARN_OBJC_LITERAL_CONVERSION = YES;
				CLANG_WARN_OBJC_ROOT_CLASS = YES_ERROR;
				CLANG_WARN_QUOTED_INCLUDE_IN_FRAMEWORK_HEADER = YES;
				CLANG_WARN_RANGE_LOOP_ANALYSIS = YES;
				CLANG_WARN_STRICT_PROTOTYPES = YES;
				CLANG_WARN_SUSPICIOUS_MOVE = YES;
				CLANG_WARN_UNGUARDED_AVAILABILITY = YES_AGGRESSIVE;
				CLANG_WARN_UNREACHABLE_CODE = YES;
				CLANG_WARN__DUPLICATE_METHOD_MATCH = YES;
				COPY_PHASE_STRIP = NO;
				DEBUG_INFORMATION_FORMAT = "dwarf-with-dsym";
				ENABLE_NS_ASSERTIONS = NO;
				ENABLE_STRICT_OBJC_MSGSEND = YES;
				GCC_C_LANGUAGE_STANDARD = gnu11;
				GCC_NO_COMMON_BLOCKS = YES;
				GCC_WARN_64_TO_32_BIT_CONVERSION = YES;
				GCC_WARN_ABOUT_RETURN_TYPE = YES_ERROR;
				GCC_WARN_UNDECLARED_SELECTOR = YES;
				GCC_WARN_UNINITIALIZED_AUTOS = YES_AGGRESSIVE;
				GCC_WARN_UNUSED_FUNCTION = YES;
				GCC_WARN_UNUSED_VARIABLE = YES;
				IPHONEOS_DEPLOYMENT_TARGET = 14.4;
				MTL_ENABLE_DEBUG_INFO = NO;
				MTL_FAST_MATH = YES;
				SDKROOT = iphoneos;
				SWIFT_COMPILATION_MODE = wholemodule;
				SWIFT_OPTIMIZATION_LEVEL = "-O";
				VALIDATE_PRODUCT = YES;
			};
			name = Release;
		};
		6720237E26208BE400FEF1C7 /* Debug */ = {
			isa = XCBuildConfiguration;
			buildSettings = {
				ASSETCATALOG_COMPILER_APPICON_NAME = AppIcon;
				ASSETCATALOG_COMPILER_GLOBAL_ACCENT_COLOR_NAME = AccentColor;
				CODE_SIGN_STYLE = Automatic;
				DEVELOPMENT_ASSET_PATHS = "\"UI-159/Preview Content\"";
				ENABLE_PREVIEWS = YES;
				INFOPLIST_FILE = "UI-159/Info.plist";
				IPHONEOS_DEPLOYMENT_TARGET = 14.0;
				LD_RUNPATH_SEARCH_PATHS = (
					"$(inherited)",
					"@executable_path/Frameworks",
				);
				PRODUCT_BUNDLE_IDENTIFIER = "com.uzu.UI-159";
				PRODUCT_NAME = "$(TARGET_NAME)";
				SWIFT_VERSION = 5.0;
				TARGETED_DEVICE_FAMILY = "1,2";
			};
			name = Debug;
		};
		6720237F26208BE400FEF1C7 /* Release */ = {
			isa = XCBuildConfiguration;
			buildSettings = {
				ASSETCATALOG_COMPILER_APPICON_NAME = AppIcon;
				ASSETCATALOG_COMPILER_GLOBAL_ACCENT_COLOR_NAME = AccentColor;
				CODE_SIGN_STYLE = Automatic;
				DEVELOPMENT_ASSET_PATHS = "\"UI-159/Preview Content\"";
				ENABLE_PREVIEWS = YES;
				INFOPLIST_FILE = "UI-159/Info.plist";
				IPHONEOS_DEPLOYMENT_TARGET = 14.0;
				LD_RUNPATH_SEARCH_PATHS = (
					"$(inherited)",
					"@executable_path/Frameworks",
				);
				PRODUCT_BUNDLE_IDENTIFIER = "com.uzu.UI-159";
				PRODUCT_NAME = "$(TARGET_NAME)";
				SWIFT_VERSION = 5.0;
				TARGETED_DEVICE_FAMILY = "1,2";
			};
			name = Release;
		};
		6720238126208BE400FEF1C7 /* Debug */ = {
			isa = XCBuildConfiguration;
			buildSettings = {
				ALWAYS_EMBED_SWIFT_STANDARD_LIBRARIES = YES;
				BUNDLE_LOADER = "$(TEST_HOST)";
				CODE_SIGN_STYLE = Automatic;
				INFOPLIST_FILE = "UI-159Tests/Info.plist";
				IPHONEOS_DEPLOYMENT_TARGET = 14.0;
				LD_RUNPATH_SEARCH_PATHS = (
					"$(inherited)",
					"@executable_path/Frameworks",
					"@loader_path/Frameworks",
				);
				PRODUCT_BUNDLE_IDENTIFIER = "com.uzu.UI-159Tests";
				PRODUCT_NAME = "$(TARGET_NAME)";
				SWIFT_VERSION = 5.0;
				TARGETED_DEVICE_FAMILY = "1,2";
				TEST_HOST = "$(BUILT_PRODUCTS_DIR)/UI-159.app/UI-159";
			};
			name = Debug;
		};
		6720238226208BE400FEF1C7 /* Release */ = {
			isa = XCBuildConfiguration;
			buildSettings = {
				ALWAYS_EMBED_SWIFT_STANDARD_LIBRARIES = YES;
				BUNDLE_LOADER = "$(TEST_HOST)";
				CODE_SIGN_STYLE = Automatic;
				INFOPLIST_FILE = "UI-159Tests/Info.plist";
				IPHONEOS_DEPLOYMENT_TARGET = 14.0;
				LD_RUNPATH_SEARCH_PATHS = (
					"$(inherited)",
					"@executable_path/Frameworks",
					"@loader_path/Frameworks",
				);
				PRODUCT_BUNDLE_IDENTIFIER = "com.uzu.UI-159Tests";
				PRODUCT_NAME = "$(TARGET_NAME)";
				SWIFT_VERSION = 5.0;
				TARGETED_DEVICE_FAMILY = "1,2";
				TEST_HOST = "$(BUILT_PRODUCTS_DIR)/UI-159.app/UI-159";
			};
			name = Release;
		};
		6720238426208BE400FEF1C7 /* Debug */ = {
			isa = XCBuildConfiguration;
			buildSettings = {
				ALWAYS_EMBED_SWIFT_STANDARD_LIBRARIES = YES;
				CODE_SIGN_STYLE = Automatic;
				INFOPLIST_FILE = "UI-159UITests/Info.plist";
				LD_RUNPATH_SEARCH_PATHS = (
					"$(inherited)",
					"@executable_path/Frameworks",
					"@loader_path/Frameworks",
				);
				PRODUCT_BUNDLE_IDENTIFIER = "com.uzu.UI-159UITests";
				PRODUCT_NAME = "$(TARGET_NAME)";
				SWIFT_VERSION = 5.0;
				TARGETED_DEVICE_FAMILY = "1,2";
				TEST_TARGET_NAME = "UI-159";
			};
			name = Debug;
		};
		6720238526208BE400FEF1C7 /* Release */ = {
			isa = XCBuildConfiguration;
			buildSettings = {
				ALWAYS_EMBED_SWIFT_STANDARD_LIBRARIES = YES;
				CODE_SIGN_STYLE = Automatic;
				INFOPLIST_FILE = "UI-159UITests/Info.plist";
				LD_RUNPATH_SEARCH_PATHS = (
					"$(inherited)",
					"@executable_path/Frameworks",
					"@loader_path/Frameworks",
				);
				PRODUCT_BUNDLE_IDENTIFIER = "com.uzu.UI-159UITests";
				PRODUCT_NAME = "$(TARGET_NAME)";
				SWIFT_VERSION = 5.0;
				TARGETED_DEVICE_FAMILY = "1,2";
				TEST_TARGET_NAME = "UI-159";
			};
			name = Release;
		};
/* End XCBuildConfiguration section */

/* Begin XCConfigurationList section */
		6720235326208BE200FEF1C7 /* Build configuration list for PBXProject "UI-159" */ = {
			isa = XCConfigurationList;
			buildConfigurations = (
				6720237B26208BE400FEF1C7 /* Debug */,
				6720237C26208BE400FEF1C7 /* Release */,
			);
			defaultConfigurationIsVisible = 0;
			defaultConfigurationName = Release;
		};
		6720237D26208BE400FEF1C7 /* Build configuration list for PBXNativeTarget "UI-159" */ = {
			isa = XCConfigurationList;
			buildConfigurations = (
				6720237E26208BE400FEF1C7 /* Debug */,
				6720237F26208BE400FEF1C7 /* Release */,
			);
			defaultConfigurationIsVisible = 0;
			defaultConfigurationName = Release;
		};
		6720238026208BE400FEF1C7 /* Build configuration list for PBXNativeTarget "UI-159Tests" */ = {
			isa = XCConfigurationList;
			buildConfigurations = (
				6720238126208BE400FEF1C7 /* Debug */,
				6720238226208BE400FEF1C7 /* Release */,
			);
			defaultConfigurationIsVisible = 0;
			defaultConfigurationName = Release;
		};
		6720238326208BE400FEF1C7 /* Build configuration list for PBXNativeTarget "UI-159UITests" */ = {
			isa = XCConfigurationList;
			buildConfigurations = (
				6720238426208BE400FEF1C7 /* Debug */,
				6720238526208BE400FEF1C7 /* Release */,
			);
			defaultConfigurationIsVisible = 0;
			defaultConfigurationName = Release;
		};
/* End XCConfigurationList section */
	};
	rootObject = 6720235026208BE200FEF1C7 /* Project object */;
}
